
Microsoft Visual Studio Solution File, Format Version 11.00
# Visual Studio 2010
Project("{FAE04EC0-301F-11D3-BF4B-00C04F79EFBC}") = "Host", "Host\Host.csproj", "{9CA4B1E9-290B-47FF-9FBA-A67FC33B6353}"
EndProject
Project("{FAE04EC0-301F-11D3-BF4B-00C04F79EFBC}") = "Client", "Client\Client.csproj", "{100CD60C-9A7D-4683-8A88-E1E9E2F756FF}"
EndProject
Project("{FAE04EC0-301F-11D3-BF4B-00C04F79EFBC}") = "Contract", "Contract\Contract.csproj", "{3ECD9C38-CB43-4FB2-8594-9A53FFC02CD0}"
EndProject
Project("{FAE04EC0-301F-11D3-BF4B-00C04F79EFBC}") = "Service", "Service\Service.csproj", "{96EE90B3-4DA3-4863-B956-1D40F3EE58D6}"
EndProject
Global
	GlobalSection(SolutionConfigurationPlatforms) = preSolution
		Debug|Any CPU = Debug|Any CPU
		Debug|Mixed Platforms = Debug|Mixed Platforms
		Debug|x86 = Debug|x86
		Release|Any CPU = Release|Any CPU
		Release|Mixed Platforms = Release|Mixed Platforms
		Release|x86 = Release|x86
	EndGlobalSection
	GlobalSection(ProjectConfigurationPlatforms) = postSolution
		{9CA4B1E9-290B-47FF-9FBA-A67FC33B6353}.Debug|Any CPU.ActiveCfg = Debug|x86
		{9CA4B1E9-290B-47FF-9FBA-A67FC33B6353}.Debug|Mixed Platforms.ActiveCfg = Debug|x86
		{9CA4B1E9-290B-47FF-9FBA-A67FC33B6353}.Debug|Mixed Platforms.Build.0 = Debug|x86
		{9CA4B1E9-290B-47FF-9FBA-A67FC33B6353}.Debug|x86.ActiveCfg = Debug|x86
		{9CA4B1E9-290B-47FF-9FBA-A67FC33B6353}.Debug|x86.Build.0 = Debug|x86
		{9CA4B1E9-290B-47FF-9FBA-A67FC33B6353}.Release|Any CPU.ActiveCfg = Release|x86
		{9CA4B1E9-290B-47FF-9FBA-A67FC33B6353}.Release|Mixed Platforms.ActiveCfg = Release|x86
		{9CA4B1E9-290B-47FF-9FBA-A67FC33B6353}.Release|Mixed Platforms.Build.0 = Release|x86
		{9CA4B1E9-290B-47FF-9FBA-A67FC33B6353}.Release|x86.ActiveCfg = Release|x86
		{9CA4B1E9-290B-47FF-9FBA-A67FC33B6353}.Release|x86.Build.0 = Release|x86
		{100CD60C-9A7D-4683-8A88-E1E9E2F756FF}.Debug|Any CPU.ActiveCfg = Debug|x86
		{100CD60C-9A7D-4683-8A88-E1E9E2F756FF}.Debug|Mixed Platforms.ActiveCfg = Debug|x86
		{100CD60C-9A7D-4683-8A88-E1E9E2F756FF}.Debug|Mixed Platforms.Build.0 = Debug|x86
		{100CD60C-9A7D-4683-8A88-E1E9E2F756FF}.Debug|x86.ActiveCfg = Debug|x86
		{100CD60C-9A7D-4683-8A88-E1E9E2F756FF}.Debug|x86.Build.0 = Debug|x86
		{100CD60C-9A7D-4683-8A88-E1E9E2F756FF}.Release|Any CPU.ActiveCfg = Release|x86
		{100CD60C-9A7D-4683-8A88-E1E9E2F756FF}.Release|Mixed Platforms.ActiveCfg = Release|x86
		{100CD60C-9A7D-4683-8A88-E1E9E2F756FF}.Release|Mixed Platforms.Build.0 = Release|x86
		{100CD60C-9A7D-4683-8A88-E1E9E2F756FF}.Release|x86.ActiveCfg = Release|x86
		{100CD60C-9A7D-4683-8A88-E1E9E2F756FF}.Release|x86.Build.0 = Release|x86
		{3ECD9C38-CB43-4FB2-8594-9A53FFC02CD0}.Debug|Any CPU.ActiveCfg = Debug|Any CPU
		{3ECD9C38-CB43-4FB2-8594-9A53FFC02CD0}.Debug|Any CPU.Build.0 = Debug|Any CPU
		{3ECD9C38-CB43-4FB2-8594-9A53FFC02CD0}.Debug|Mixed Platforms.ActiveCfg = Debug|Any CPU
		{3ECD9C38-CB43-4FB2-8594-9A53FFC02CD0}.Debug|Mixed Platforms.Build.0 = Debug|Any CPU
		{3ECD9C38-CB43-4FB2-8594-9A53FFC02CD0}.Debug|x86.ActiveCfg = Debug|Any CPU
		{3ECD9C38-CB43-4FB2-8594-9A53FFC02CD0}.Release|Any CPU.ActiveCfg = Release|Any CPU
		{3ECD9C38-CB43-4FB2-8594-9A53FFC02CD0}.Release|Any CPU.Build.0 = Release|Any CPU
		{3ECD9C38-CB43-4FB2-8594-9A53FFC02CD0}.Release|Mixed Platforms.ActiveCfg = Release|Any CPU
		{3ECD9C38-CB43-4FB2-8594-9A53FFC02CD0}.Release|Mixed Platforms.Build.0 = Release|Any CPU
		{3ECD9C38-CB43-4FB2-8594-9A53FFC02CD0}.Release|x86.ActiveCfg = Release|Any CPU
		{96EE90B3-4DA3-4863-B956-1D40F3EE58D6}.Debug|Any CPU.ActiveCfg = Debug|Any CPU
		{96EE90B3-4DA3-4863-B956-1D40F3EE58D6}.Debug|Any CPU.Build.0 = Debug|Any CPU
		{96EE90B3-4DA3-4863-B956-1D40F3EE58D6}.Debug|Mixed Platforms.ActiveCfg = Debug|Any CPU
		{96EE90B3-4DA3-4863-B956-1D40F3EE58D6}.Debug|Mixed Platforms.Build.0 = Debug|Any CPU
		{96EE90B3-4DA3-4863-B956-1D40F3EE58D6}.Debug|x86.ActiveCfg = Debug|Any CPU
		{96EE90B3-4DA3-4863-B956-1D40F3EE58D6}.Release|Any CPU.ActiveCfg = Release|Any CPU
		{96EE90B3-4DA3-4863-B956-1D40F3EE58D6}.Release|Any CPU.Build.0 = Release|Any CPU
		{96EE90B3-4DA3-4863-B956-1D40F3EE58D6}.Release|Mixed Platforms.ActiveCfg = Release|Any CPU
		{96EE90B3-4DA3-4863-B956-1D40F3EE58D6}.Release|Mixed Platforms.Build.0 = Release|Any CPU
		{96EE90B3-4DA3-4863-B956-1D40F3EE58D6}.Release|x86.ActiveCfg = Release|Any CPU
	EndGlobalSection
	GlobalSection(SolutionProperties) = preSolution
		HideSolutionNode = FALSE
	EndGlobalSection
EndGlobal
